
Microsoft Visual Studio Solution File, Format Version 12.00
Project("{FAE04EC0-301F-11D3-BF4B-00C04F79EFBC}") = "Task1", "Task1\Task1.csproj", "{54264AB0-01E7-40A8-9EBE-94B1B31F3091}"
EndProject
Project("{FAE04EC0-301F-11D3-BF4B-00C04F79EFBC}") = "Task2", "Task2\Task2.csproj", "{AA6F9A51-A792-4029-B09C-9A83E8DBF56D}"
EndProject
Project("{FAE04EC0-301F-11D3-BF4B-00C04F79EFBC}") = "Task3", "Task3\Task3.csproj", "{E9AEE898-7E79-461C-8BB7-79E7D7483537}"
EndProject
Global
	GlobalSection(SolutionConfigurationPlatforms) = preSolution
		Debug|Any CPU = Debug|Any CPU
		Release|Any CPU = Release|Any CPU
	EndGlobalSection
	GlobalSection(ProjectConfigurationPlatforms) = postSolution
		{54264AB0-01E7-40A8-9EBE-94B1B31F3091}.Debug|Any CPU.ActiveCfg = Debug|Any CPU
		{54264AB0-01E7-40A8-9EBE-94B1B31F3091}.Debug|Any CPU.Build.0 = Debug|Any CPU
		{54264AB0-01E7-40A8-9EBE-94B1B31F3091}.Release|Any CPU.ActiveCfg = Release|Any CPU
		{54264AB0-01E7-40A8-9EBE-94B1B31F3091}.Release|Any CPU.Build.0 = Release|Any CPU
		{AA6F9A51-A792-4029-B09C-9A83E8DBF56D}.Debug|Any CPU.ActiveCfg = Debug|Any CPU
		{AA6F9A51-A792-4029-B09C-9A83E8DBF56D}.Debug|Any CPU.Build.0 = Debug|Any CPU
		{AA6F9A51-A792-4029-B09C-9A83E8DBF56D}.Release|Any CPU.ActiveCfg = Release|Any CPU
		{AA6F9A51-A792-4029-B09C-9A83E8DBF56D}.Release|Any CPU.Build.0 = Release|Any CPU
		{E9AEE898-7E79-461C-8BB7-79E7D7483537}.Debug|Any CPU.ActiveCfg = Debug|Any CPU
		{E9AEE898-7E79-461C-8BB7-79E7D7483537}.Debug|Any CPU.Build.0 = Debug|Any CPU
		{E9AEE898-7E79-461C-8BB7-79E7D7483537}.Release|Any CPU.ActiveCfg = Release|Any CPU
		{E9AEE898-7E79-461C-8BB7-79E7D7483537}.Release|Any CPU.Build.0 = Release|Any CPU
	EndGlobalSection
EndGlobal
