
Microsoft Visual Studio Solution File, Format Version 12.00
# Visual Studio Version 17
VisualStudioVersion = 17.12.35707.178 d17.12
MinimumVisualStudioVersion = 10.0.40219.1
Project("{FAE04EC0-301F-11D3-BF4B-00C04F79EFBC}") = "Task1", "Task1.csproj", "{C3AD6DF0-140F-472D-A996-F47B148EA164}"
EndProject
Project("{FAE04EC0-301F-11D3-BF4B-00C04F79EFBC}") = "Task2", "..\Task2\Task2.csproj", "{1ECD7AF8-219D-40F4-8A17-9F08B7A898F8}"
EndProject
Project("{FAE04EC0-301F-11D3-BF4B-00C04F79EFBC}") = "Task3", "..\Task3\Task3.csproj", "{A15F922D-A6D4-4575-A43D-62B30112BAF8}"
EndProject
Global
	GlobalSection(SolutionConfigurationPlatforms) = preSolution
		Debug|Any CPU = Debug|Any CPU
		Release|Any CPU = Release|Any CPU
	EndGlobalSection
	GlobalSection(ProjectConfigurationPlatforms) = postSolution
		{C3AD6DF0-140F-472D-A996-F47B148EA164}.Debug|Any CPU.ActiveCfg = Debug|Any CPU
		{C3AD6DF0-140F-472D-A996-F47B148EA164}.Debug|Any CPU.Build.0 = Debug|Any CPU
		{C3AD6DF0-140F-472D-A996-F47B148EA164}.Release|Any CPU.ActiveCfg = Release|Any CPU
		{C3AD6DF0-140F-472D-A996-F47B148EA164}.Release|Any CPU.Build.0 = Release|Any CPU
		{1ECD7AF8-219D-40F4-8A17-9F08B7A898F8}.Debug|Any CPU.ActiveCfg = Debug|Any CPU
		{1ECD7AF8-219D-40F4-8A17-9F08B7A898F8}.Debug|Any CPU.Build.0 = Debug|Any CPU
		{1ECD7AF8-219D-40F4-8A17-9F08B7A898F8}.Release|Any CPU.ActiveCfg = Release|Any CPU
		{1ECD7AF8-219D-40F4-8A17-9F08B7A898F8}.Release|Any CPU.Build.0 = Release|Any CPU
		{A15F922D-A6D4-4575-A43D-62B30112BAF8}.Debug|Any CPU.ActiveCfg = Debug|Any CPU
		{A15F922D-A6D4-4575-A43D-62B30112BAF8}.Debug|Any CPU.Build.0 = Debug|Any CPU
		{A15F922D-A6D4-4575-A43D-62B30112BAF8}.Release|Any CPU.ActiveCfg = Release|Any CPU
		{A15F922D-A6D4-4575-A43D-62B30112BAF8}.Release|Any CPU.Build.0 = Release|Any CPU
	EndGlobalSection
	GlobalSection(SolutionProperties) = preSolution
		HideSolutionNode = FALSE
	EndGlobalSection
EndGlobal
