
Microsoft Visual Studio Solution File, Format Version 12.00
# Visual Studio Version 17
VisualStudioVersion = 17.12.35707.178 d17.12
MinimumVisualStudioVersion = 10.0.40219.1
Project("{FAE04EC0-301F-11D3-BF4B-00C04F79EFBC}") = "WpfApp1", "WpfApp1.csproj", "{79962419-B4D2-43B9-9841-3A03C1AC4F95}"
EndProject
Project("{FAE04EC0-301F-11D3-BF4B-00C04F79EFBC}") = "WpfApp2", "..\WpfApp2\WpfApp2.csproj", "{F9083A75-8315-43D5-B27D-578E2D6D105D}"
EndProject
Global
	GlobalSection(SolutionConfigurationPlatforms) = preSolution
		Debug|Any CPU = Debug|Any CPU
		Release|Any CPU = Release|Any CPU
	EndGlobalSection
	GlobalSection(ProjectConfigurationPlatforms) = postSolution
		{79962419-B4D2-43B9-9841-3A03C1AC4F95}.Debug|Any CPU.ActiveCfg = Debug|Any CPU
		{79962419-B4D2-43B9-9841-3A03C1AC4F95}.Debug|Any CPU.Build.0 = Debug|Any CPU
		{79962419-B4D2-43B9-9841-3A03C1AC4F95}.Release|Any CPU.ActiveCfg = Release|Any CPU
		{79962419-B4D2-43B9-9841-3A03C1AC4F95}.Release|Any CPU.Build.0 = Release|Any CPU
		{F9083A75-8315-43D5-B27D-578E2D6D105D}.Debug|Any CPU.ActiveCfg = Debug|Any CPU
		{F9083A75-8315-43D5-B27D-578E2D6D105D}.Debug|Any CPU.Build.0 = Debug|Any CPU
		{F9083A75-8315-43D5-B27D-578E2D6D105D}.Release|Any CPU.ActiveCfg = Release|Any CPU
		{F9083A75-8315-43D5-B27D-578E2D6D105D}.Release|Any CPU.Build.0 = Release|Any CPU
	EndGlobalSection
	GlobalSection(SolutionProperties) = preSolution
		HideSolutionNode = FALSE
	EndGlobalSection
EndGlobal
