
Microsoft Visual Studio Solution File, Format Version 12.00
# Visual Studio Version 17
VisualStudioVersion = 17.12.35707.178 d17.12
MinimumVisualStudioVersion = 10.0.40219.1
Project("{FAE04EC0-301F-11D3-BF4B-00C04F79EFBC}") = "EveningMovies", "EveningMovies.csproj", "{8362EEA2-868B-495D-A44F-586511C30EDD}"
EndProject
Global
	GlobalSection(SolutionConfigurationPlatforms) = preSolution
		Debug|Any CPU = Debug|Any CPU
		Release|Any CPU = Release|Any CPU
	EndGlobalSection
	GlobalSection(ProjectConfigurationPlatforms) = postSolution
		{8362EEA2-868B-495D-A44F-586511C30EDD}.Debug|Any CPU.ActiveCfg = Debug|Any CPU
		{8362EEA2-868B-495D-A44F-586511C30EDD}.Debug|Any CPU.Build.0 = Debug|Any CPU
		{8362EEA2-868B-495D-A44F-586511C30EDD}.Release|Any CPU.ActiveCfg = Release|Any CPU
		{8362EEA2-868B-495D-A44F-586511C30EDD}.Release|Any CPU.Build.0 = Release|Any CPU
	EndGlobalSection
	GlobalSection(SolutionProperties) = preSolution
		HideSolutionNode = FALSE
	EndGlobalSection
EndGlobal
